
Microsoft Visual Studio Solution File, Format Version 12.00
# Visual Studio Version 17
VisualStudioVersion = 17.8.34309.116
MinimumVisualStudioVersion = 10.0.40219.1
Project("{9A19103F-16F7-4668-BE54-9A1E7A4F7556}") = "MonoStereoMod", "MonoStereoMod.csproj", "{1D0595E0-ADEF-4770-95C4-5D4102A93156}"
EndProject
Global
	GlobalSection(SolutionConfigurationPlatforms) = preSolution
		Debug|Any CPU = Debug|Any CPU
		Release|Any CPU = Release|Any CPU
	EndGlobalSection
	GlobalSection(ProjectConfigurationPlatforms) = postSolution
		{1D0595E0-ADEF-4770-95C4-5D4102A93156}.Debug|Any CPU.ActiveCfg = Debug|Any CPU
		{1D0595E0-ADEF-4770-95C4-5D4102A93156}.Debug|Any CPU.Build.0 = Debug|Any CPU
		{1D0595E0-ADEF-4770-95C4-5D4102A93156}.Release|Any CPU.ActiveCfg = Release|Any CPU
		{1D0595E0-ADEF-4770-95C4-5D4102A93156}.Release|Any CPU.Build.0 = Release|Any CPU
	EndGlobalSection
	GlobalSection(SolutionProperties) = preSolution
		HideSolutionNode = FALSE
	EndGlobalSection
	GlobalSection(ExtensibilityGlobals) = postSolution
		SolutionGuid = {4DE97AD0-A373-47D3-9903-CD07CEEC45D0}
	EndGlobalSection
EndGlobal
